# @generated - this file is auto-generated by `mise lock` https://mise.jdx.dev/dev-tools/mise-lock.html

[[tools.actionlint]]
version = "1.7.12"
backend = "aqua:rhysd/actionlint"

[tools.actionlint."platforms.linux-arm64"]
checksum = "sha256:325e971b6ba9bfa504672e29be93c24981eeb1c07576d730e9f7c8805afff0c6"
url = "https://github.com/rhysd/actionlint/releases/download/v1.7.12/actionlint_1.7.12_linux_arm64.tar.gz"
url_api = "https://api.github.com/repos/rhysd/actionlint/releases/assets/384924897"
provenance = "github-attestations"

[tools.actionlint."platforms.linux-arm64-musl"]
checksum = "sha256:325e971b6ba9bfa504672e29be93c24981eeb1c07576d730e9f7c8805afff0c6"
url = "https://github.com/rhysd/actionlint/releases/download/v1.7.12/actionlint_1.7.12_linux_arm64.tar.gz"
url_api = "https://api.github.com/repos/rhysd/actionlint/releases/assets/384924897"
provenance = "github-attestations"

[tools.actionlint."platforms.linux-x64"]
checksum = "sha256:8aca8db96f1b94770f1b0d72b6dddcb1ebb8123cb3712530b08cc387b349a3d8"
url = "https://github.com/rhysd/actionlint/releases/download/v1.7.12/actionlint_1.7.12_linux_amd64.tar.gz"
url_api = "https://api.github.com/repos/rhysd/actionlint/releases/assets/384924896"
provenance = "github-attestations"

[tools.actionlint."platforms.linux-x64-musl"]
checksum = "sha256:8aca8db96f1b94770f1b0d72b6dddcb1ebb8123cb3712530b08cc387b349a3d8"
url = "https://github.com/rhysd/actionlint/releases/download/v1.7.12/actionlint_1.7.12_linux_amd64.tar.gz"
url_api = "https://api.github.com/repos/rhysd/actionlint/releases/assets/384924896"
provenance = "github-attestations"

[tools.actionlint."platforms.macos-arm64"]
checksum = "sha256:aba9ced2dee8d27fecca3dc7feb1a7f9a52caefa1eb46f3271ea66b6e0e6953f"
url = "https://github.com/rhysd/actionlint/releases/download/v1.7.12/actionlint_1.7.12_darwin_arm64.tar.gz"
url_api = "https://api.github.com/repos/rhysd/actionlint/releases/assets/384924893"
provenance = "github-attestations"

[tools.actionlint."platforms.macos-x64"]
checksum = "sha256:5b44c3bc2255115c9b69e30efc0fecdf498fdb63c5d58e17084fd5f16324c644"
url = "https://github.com/rhysd/actionlint/releases/download/v1.7.12/actionlint_1.7.12_darwin_amd64.tar.gz"
url_api = "https://api.github.com/repos/rhysd/actionlint/releases/assets/384924880"
provenance = "github-attestations"

[tools.actionlint."platforms.windows-x64"]
checksum = "sha256:6e7241b51e6817ea6a047693d8e6fed13b31819c9a0dd6c5a726e1592d22f6e9"
url = "https://github.com/rhysd/actionlint/releases/download/v1.7.12/actionlint_1.7.12_windows_amd64.zip"
url_api = "https://api.github.com/repos/rhysd/actionlint/releases/assets/384924919"
provenance = "github-attestations"

[[tools.dprint]]
version = "0.55.2"
backend = "aqua:dprint/dprint"

[tools.dprint."platforms.linux-arm64"]
checksum = "sha256:f0101217dd0abc94f1ac01b83d306d0288aeee8a501e8614a5e2bbe037500be0"
url = "https://github.com/dprint/dprint/releases/download/0.55.2/dprint-aarch64-unknown-linux-musl.zip"
url_api = "https://api.github.com/repos/dprint/dprint/releases/assets/477041358"

[tools.dprint."platforms.linux-arm64-musl"]
checksum = "sha256:f0101217dd0abc94f1ac01b83d306d0288aeee8a501e8614a5e2bbe037500be0"
url = "https://github.com/dprint/dprint/releases/download/0.55.2/dprint-aarch64-unknown-linux-musl.zip"
url_api = "https://api.github.com/repos/dprint/dprint/releases/assets/477041358"

[tools.dprint."platforms.linux-x64"]
checksum = "sha256:45fc0eef3216af21c4c22c6e7e233aa45c3080fac07b6e94db7008a5c8e5c67a"
url = "https://github.com/dprint/dprint/releases/download/0.55.2/dprint-x86_64-unknown-linux-musl.zip"
url_api = "https://api.github.com/repos/dprint/dprint/releases/assets/477041351"

[tools.dprint."platforms.linux-x64-musl"]
checksum = "sha256:45fc0eef3216af21c4c22c6e7e233aa45c3080fac07b6e94db7008a5c8e5c67a"
url = "https://github.com/dprint/dprint/releases/download/0.55.2/dprint-x86_64-unknown-linux-musl.zip"
url_api = "https://api.github.com/repos/dprint/dprint/releases/assets/477041351"

[tools.dprint."platforms.macos-arm64"]
checksum = "sha256:e9ba8ed7988f3350501a8cf8af92da616cdec8d9d5c831c069293c587311b49d"
url = "https://github.com/dprint/dprint/releases/download/0.55.2/dprint-aarch64-apple-darwin.zip"
url_api = "https://api.github.com/repos/dprint/dprint/releases/assets/477041350"

[tools.dprint."platforms.macos-x64"]
checksum = "sha256:b7074cf6c814f995b783b5baa7e516b34e783c42c9baf7af553dbad731adb3a7"
url = "https://github.com/dprint/dprint/releases/download/0.55.2/dprint-x86_64-apple-darwin.zip"
url_api = "https://api.github.com/repos/dprint/dprint/releases/assets/477041364"

[tools.dprint."platforms.windows-x64"]
checksum = "sha256:12e8c26abc8c436223e70f5a30a2864001c92fa356a859eb93e06b97ab7dbd12"
url = "https://github.com/dprint/dprint/releases/download/0.55.2/dprint-x86_64-pc-windows-msvc.zip"
url_api = "https://api.github.com/repos/dprint/dprint/releases/assets/477041355"

[[tools.git-cliff]]
version = "2.13.1"
backend = "aqua:orhun/git-cliff"

[tools.git-cliff."platforms.linux-arm64"]
checksum = "sha256:4054c124b926c117f3fa048939bc8be0a954f29f3b6f367627e8cb22c1971882"
url = "https://github.com/orhun/git-cliff/releases/download/v2.13.1/git-cliff-2.13.1-aarch64-unknown-linux-musl.tar.gz"
url_api = "https://api.github.com/repos/orhun/git-cliff/releases/assets/405850720"

[tools.git-cliff."platforms.linux-arm64-musl"]
checksum = "sha256:4054c124b926c117f3fa048939bc8be0a954f29f3b6f367627e8cb22c1971882"
url = "https://github.com/orhun/git-cliff/releases/download/v2.13.1/git-cliff-2.13.1-aarch64-unknown-linux-musl.tar.gz"
url_api = "https://api.github.com/repos/orhun/git-cliff/releases/assets/405850720"

[tools.git-cliff."platforms.linux-x64"]
checksum = "sha256:200d2535da6d9703f3bcc8a4d159c3b55eacdb01cf2148c55b3eee9dd04d5249"
url = "https://github.com/orhun/git-cliff/releases/download/v2.13.1/git-cliff-2.13.1-x86_64-unknown-linux-musl.tar.gz"
url_api = "https://api.github.com/repos/orhun/git-cliff/releases/assets/405850671"

[tools.git-cliff."platforms.linux-x64-musl"]
checksum = "sha256:200d2535da6d9703f3bcc8a4d159c3b55eacdb01cf2148c55b3eee9dd04d5249"
url = "https://github.com/orhun/git-cliff/releases/download/v2.13.1/git-cliff-2.13.1-x86_64-unknown-linux-musl.tar.gz"
url_api = "https://api.github.com/repos/orhun/git-cliff/releases/assets/405850671"

[tools.git-cliff."platforms.macos-arm64"]
checksum = "sha256:21547ae4a0421164070ab75c2522864ea5565858a011fabc5f583061b20f1226"
url = "https://github.com/orhun/git-cliff/releases/download/v2.13.1/git-cliff-2.13.1-aarch64-apple-darwin.tar.gz"
url_api = "https://api.github.com/repos/orhun/git-cliff/releases/assets/405849885"

[tools.git-cliff."platforms.macos-x64"]
checksum = "sha256:6e60ae390d375cecb9d8008c49f0e724a8dfe40390b532ef5501e421d2cc8acb"
url = "https://github.com/orhun/git-cliff/releases/download/v2.13.1/git-cliff-2.13.1-x86_64-apple-darwin.tar.gz"
url_api = "https://api.github.com/repos/orhun/git-cliff/releases/assets/405850193"

[tools.git-cliff."platforms.windows-x64"]
checksum = "sha256:3ae3a5549e85c7ad5b20192ebcfee4371269deca51255f6f2f2e051c6541f5ca"
url = "https://github.com/orhun/git-cliff/releases/download/v2.13.1/git-cliff-2.13.1-x86_64-pc-windows-msvc.zip"
url_api = "https://api.github.com/repos/orhun/git-cliff/releases/assets/405851866"

[[tools.hk]]
version = "1.53.0"
backend = "aqua:jdx/hk"

[tools.hk."platforms.linux-arm64"]
checksum = "sha256:3cf58d268a9114f0923a06c38cf0995b9da43bf2279b09aac3c3c615a615b3e4"
url = "https://github.com/jdx/hk/releases/download/v1.53.0/hk-aarch64-unknown-linux-gnu.tar.gz"
url_api = "https://api.github.com/repos/jdx/hk/releases/assets/487429257"

[tools.hk."platforms.linux-arm64-musl"]
checksum = "sha256:36fdea5faa4994f4c46e18cb5a52f07a7db4228f1ea618cf371bc297cbc48070"
url = "https://github.com/jdx/hk/releases/download/v1.53.0/hk-aarch64-unknown-linux-musl.tar.gz"
url_api = "https://api.github.com/repos/jdx/hk/releases/assets/487429258"

[tools.hk."platforms.linux-x64"]
checksum = "sha256:960c14b3bcd61e36dcb42c304e3cc23b22ef2e6f28ac6559e3856d27acf6b54a"
url = "https://github.com/jdx/hk/releases/download/v1.53.0/hk-x86_64-unknown-linux-gnu.tar.gz"
url_api = "https://api.github.com/repos/jdx/hk/releases/assets/487429267"

[tools.hk."platforms.linux-x64-musl"]
checksum = "sha256:c2075be6f6d4b3606450bdcb58ce5d17d9668804e8ee4f9d93dda596cae2de55"
url = "https://github.com/jdx/hk/releases/download/v1.53.0/hk-x86_64-unknown-linux-musl.tar.gz"
url_api = "https://api.github.com/repos/jdx/hk/releases/assets/487429272"

[tools.hk."platforms.macos-arm64"]
checksum = "sha256:d5c1f9a4c3598cc72c9f15908af6e036b138b9dd97c8891e4d08f699c98a5069"
url = "https://github.com/jdx/hk/releases/download/v1.53.0/hk-aarch64-apple-darwin.tar.gz"
url_api = "https://api.github.com/repos/jdx/hk/releases/assets/487429255"

[tools.hk."platforms.windows-x64"]
checksum = "sha256:a2e5c6131d01cfd6d62204872798f97fc933e7f142d718b3e191434e2d31ef1c"
url = "https://github.com/jdx/hk/releases/download/v1.53.0/hk-x86_64-pc-windows-msvc.zip"
url_api = "https://api.github.com/repos/jdx/hk/releases/assets/487429261"

[[tools.swiftformat]]
version = "0.62.1"
backend = "asdf:swiftformat"

[[tools.swiftlint]]
version = "0.63.3"
backend = "aqua:realm/SwiftLint"

[tools.swiftlint."platforms.linux-arm64"]
checksum = "sha256:d5efcbed5ec1ca9eb7f833dfdd9f80f56289750b72582c7c1686b4528e182454"
url = "https://github.com/realm/SwiftLint/releases/download/0.63.3/swiftlint_linux_arm64.zip"
url_api = "https://api.github.com/repos/realm/SwiftLint/releases/assets/430524037"

[tools.swiftlint."platforms.linux-arm64-musl"]
checksum = "sha256:d5efcbed5ec1ca9eb7f833dfdd9f80f56289750b72582c7c1686b4528e182454"
url = "https://github.com/realm/SwiftLint/releases/download/0.63.3/swiftlint_linux_arm64.zip"
url_api = "https://api.github.com/repos/realm/SwiftLint/releases/assets/430524037"

[tools.swiftlint."platforms.linux-x64"]
checksum = "sha256:26db741d43f2f2dc26c0cf16911100a3e186c3d1dbb59e55ad3ac87b0de4538f"
url = "https://github.com/realm/SwiftLint/releases/download/0.63.3/swiftlint_linux_amd64.zip"
url_api = "https://api.github.com/repos/realm/SwiftLint/releases/assets/430524036"

[tools.swiftlint."platforms.linux-x64-musl"]
checksum = "sha256:26db741d43f2f2dc26c0cf16911100a3e186c3d1dbb59e55ad3ac87b0de4538f"
url = "https://github.com/realm/SwiftLint/releases/download/0.63.3/swiftlint_linux_amd64.zip"
url_api = "https://api.github.com/repos/realm/SwiftLint/releases/assets/430524036"

[tools.swiftlint."platforms.macos-arm64"]
checksum = "sha256:fb045e85e7cb3374f42a4840b6b85a0106302afa69035c0c6f29af4a44c810b6"
url = "https://github.com/realm/SwiftLint/releases/download/0.63.3/portable_swiftlint.zip"
url_api = "https://api.github.com/repos/realm/SwiftLint/releases/assets/430524024"

[tools.swiftlint."platforms.macos-x64"]
checksum = "sha256:fb045e85e7cb3374f42a4840b6b85a0106302afa69035c0c6f29af4a44c810b6"
url = "https://github.com/realm/SwiftLint/releases/download/0.63.3/portable_swiftlint.zip"
url_api = "https://api.github.com/repos/realm/SwiftLint/releases/assets/430524024"

[[tools.tuist]]
version = "4.203.1"
backend = "aqua:tuist/tuist"

[tools.tuist."platforms.linux-arm64"]
checksum = "sha256:9687776f91b91e7fc64854686dd0950d99aa9a765eca44c02651543784c1617e"
url = "https://github.com/tuist/tuist/releases/download/4.203.1/tuist-linux-aarch64.tar.gz"
url_api = "https://api.github.com/repos/tuist/tuist/releases/assets/496275645"

[tools.tuist."platforms.linux-arm64-musl"]
checksum = "sha256:9687776f91b91e7fc64854686dd0950d99aa9a765eca44c02651543784c1617e"
url = "https://github.com/tuist/tuist/releases/download/4.203.1/tuist-linux-aarch64.tar.gz"
url_api = "https://api.github.com/repos/tuist/tuist/releases/assets/496275645"

[tools.tuist."platforms.linux-x64"]
checksum = "sha256:83003d39cc18a258a496456f0c8cd491dedd194d587066a9b40d0763f388f1ec"
url = "https://github.com/tuist/tuist/releases/download/4.203.1/tuist-linux-x86_64.tar.gz"
url_api = "https://api.github.com/repos/tuist/tuist/releases/assets/496275650"

[tools.tuist."platforms.linux-x64-musl"]
checksum = "sha256:83003d39cc18a258a496456f0c8cd491dedd194d587066a9b40d0763f388f1ec"
url = "https://github.com/tuist/tuist/releases/download/4.203.1/tuist-linux-x86_64.tar.gz"
url_api = "https://api.github.com/repos/tuist/tuist/releases/assets/496275650"

[tools.tuist."platforms.macos-arm64"]
checksum = "sha256:7af01272af69a460729f82de71d68cd34a35bb3b21622cfd12c0c7b74e1a1b3b"
url = "https://github.com/tuist/tuist/releases/download/4.203.1/tuist.zip"
url_api = "https://api.github.com/repos/tuist/tuist/releases/assets/496275652"

[tools.tuist."platforms.macos-x64"]
checksum = "sha256:7af01272af69a460729f82de71d68cd34a35bb3b21622cfd12c0c7b74e1a1b3b"
url = "https://github.com/tuist/tuist/releases/download/4.203.1/tuist.zip"
url_api = "https://api.github.com/repos/tuist/tuist/releases/assets/496275652"

[[tools.xcsift]]
version = "1.3.1"
backend = "github:ldomaradzki/xcsift"

[tools.xcsift."platforms.linux-x64"]
checksum = "sha256:36544ae47ffbb30f73f3cee0ef4030652d50311d21b7e4f3550e8075ad937f3e"
url = "https://github.com/ldomaradzki/xcsift/releases/download/v1.3.1/xcsift-v1.3.1-linux-x64.tar.gz"
url_api = "https://api.github.com/repos/ldomaradzki/xcsift/releases/assets/449512567"

[tools.xcsift."platforms.linux-x64-musl"]
checksum = "sha256:36544ae47ffbb30f73f3cee0ef4030652d50311d21b7e4f3550e8075ad937f3e"
url = "https://github.com/ldomaradzki/xcsift/releases/download/v1.3.1/xcsift-v1.3.1-linux-x64.tar.gz"
url_api = "https://api.github.com/repos/ldomaradzki/xcsift/releases/assets/449512567"

[tools.xcsift."platforms.macos-arm64"]
checksum = "sha256:76642a5c4ed0ab82e73fc3d4c4f4bc7c39c48eed2c2ce92871484d7ab4e384e4"
url = "https://github.com/ldomaradzki/xcsift/releases/download/v1.3.1/xcsift-v1.3.1-macos-arm64.tar.gz"
url_api = "https://api.github.com/repos/ldomaradzki/xcsift/releases/assets/449512565"
